
Microsoft Visual Studio Solution File, Format Version 12.00
# Visual Studio Version 17
VisualStudioVersion = 17.3.32804.467
MinimumVisualStudioVersion = 10.0.40219.1
Project("{FAE04EC0-301F-11D3-BF4B-00C04F79EFBC}") = "handler", "handler\handler.csproj", "{7A1790C8-DE8F-4C2E-8D92-F4EB171C03AF}"
EndProject
Global
	GlobalSection(SolutionConfigurationPlatforms) = preSolution
		Debug|Any CPU = Debug|Any CPU
		Release|Any CPU = Release|Any CPU
	EndGlobalSection
	GlobalSection(ProjectConfigurationPlatforms) = postSolution
		{7A1790C8-DE8F-4C2E-8D92-F4EB171C03AF}.Debug|Any CPU.ActiveCfg = Debug|Any CPU
		{7A1790C8-DE8F-4C2E-8D92-F4EB171C03AF}.Debug|Any CPU.Build.0 = Debug|Any CPU
		{7A1790C8-DE8F-4C2E-8D92-F4EB171C03AF}.Release|Any CPU.ActiveCfg = Release|Any CPU
		{7A1790C8-DE8F-4C2E-8D92-F4EB171C03AF}.Release|Any CPU.Build.0 = Release|Any CPU
	EndGlobalSection
	GlobalSection(SolutionProperties) = preSolution
		HideSolutionNode = FALSE
	EndGlobalSection
	GlobalSection(ExtensibilityGlobals) = postSolution
		SolutionGuid = {212B9657-903D-4D9D-852E-57F8825DD677}
	EndGlobalSection
EndGlobal
